
Microsoft Visual Studio Solution File, Format Version 12.00
# Visual Studio Version 17
VisualStudioVersion = 17.0.32112.339
MinimumVisualStudioVersion = 10.0.40219.1
Project("{9A19103F-16F7-4668-BE54-9A1E7A4F7556}") = "RivalCoins.Server", "RivalCoins.Server.csproj", "{82CC60FA-410F-476D-82BC-D3BB5D550C68}"
EndProject
Project("{FAE04EC0-301F-11D3-BF4B-00C04F79EFBC}") = "TestRunner", "..\TestRunner\TestRunner.csproj", "{5510EC02-0F03-48E0-9E3B-7C2B7102FB8D}"
EndProject
Global
	GlobalSection(SolutionConfigurationPlatforms) = preSolution
		Debug|Any CPU = Debug|Any CPU
		Release|Any CPU = Release|Any CPU
	EndGlobalSection
	GlobalSection(ProjectConfigurationPlatforms) = postSolution
		{82CC60FA-410F-476D-82BC-D3BB5D550C68}.Debug|Any CPU.ActiveCfg = Debug|Any CPU
		{82CC60FA-410F-476D-82BC-D3BB5D550C68}.Debug|Any CPU.Build.0 = Debug|Any CPU
		{82CC60FA-410F-476D-82BC-D3BB5D550C68}.Release|Any CPU.ActiveCfg = Release|Any CPU
		{82CC60FA-410F-476D-82BC-D3BB5D550C68}.Release|Any CPU.Build.0 = Release|Any CPU
		{5510EC02-0F03-48E0-9E3B-7C2B7102FB8D}.Debug|Any CPU.ActiveCfg = Debug|Any CPU
		{5510EC02-0F03-48E0-9E3B-7C2B7102FB8D}.Debug|Any CPU.Build.0 = Debug|Any CPU
		{5510EC02-0F03-48E0-9E3B-7C2B7102FB8D}.Release|Any CPU.ActiveCfg = Release|Any CPU
		{5510EC02-0F03-48E0-9E3B-7C2B7102FB8D}.Release|Any CPU.Build.0 = Release|Any CPU
	EndGlobalSection
	GlobalSection(SolutionProperties) = preSolution
		HideSolutionNode = FALSE
	EndGlobalSection
	GlobalSection(ExtensibilityGlobals) = postSolution
		SolutionGuid = {D53F06D0-031E-4F44-A238-44D3F0EC4C6B}
	EndGlobalSection
EndGlobal
